// !$*UTF8*$!
{
	archiveVersion = 1;
	classes = {
	};
	objectVersion = 50;
	objects = {

/* Begin PBXBuildFile section */
		FF04F1A624DE83E700BF6C58 /* AppDelegate.swift in Sources */ = {isa = PBXBuildFile; fileRef = FF04F1A524DE83E700BF6C58 /* AppDelegate.swift */; };
		FF04F1AF24DE83EA00BF6C58 /* Assets.xcassets in Resources */ = {isa = PBXBuildFile; fileRef = FF04F1AE24DE83EA00BF6C58 /* Assets.xcassets */; };
		FF04F1B224DE83EA00BF6C58 /* LaunchScreen.storyboard in Resources */ = {isa = PBXBuildFile; fileRef = FF04F1B024DE83EA00BF6C58 /* LaunchScreen.storyboard */; };
		FF04F1BA24DE857C00BF6C58 /* UIWindow.swift in Sources */ = {isa = PBXBuildFile; fileRef = FF04F1B924DE857C00BF6C58 /* UIWindow.swift */; };
		FF04F1BF24DE89A200BF6C58 /* TableViewController.swift in Sources */ = {isa = PBXBuildFile; fileRef = FF04F1BD24DE89A200BF6C58 /* TableViewController.swift */; };
		FF04F1C624DE922000BF6C58 /* UIView.swift in Sources */ = {isa = PBXBuildFile; fileRef = FF04F1C524DE922000BF6C58 /* UIView.swift */; };
		FFB13D0D26AB3125001A000D /* ParallaxTableHeaderView.swift in Sources */ = {isa = PBXBuildFile; fileRef = FFB13D0C26AB3125001A000D /* ParallaxTableHeaderView.swift */; };
/* End PBXBuildFile section */

/* Begin PBXFileReference section */
		FF04F1A224DE83E700BF6C58 /* ParallaxTableView.app */ = {isa = PBXFileReference; explicitFileType = wrapper.application; includeInIndex = 0; path = ParallaxTableView.app; sourceTree = BUILT_PRODUCTS_DIR; };
		FF04F1A524DE83E700BF6C58 /* AppDelegate.swift */ = {isa = PBXFileReference; lastKnownFileType = sourcecode.swift; path = AppDelegate.swift; sourceTree = "<group>"; };
		FF04F1AE24DE83EA00BF6C58 /* Assets.xcassets */ = {isa = PBXFileReference; lastKnownFileType = folder.assetcatalog; path = Assets.xcassets; sourceTree = "<group>"; };
		FF04F1B124DE83EA00BF6C58 /* Base */ = {isa = PBXFileReference; lastKnownFileType = file.storyboard; name = Base; path = Base.lproj/LaunchScreen.storyboard; sourceTree = "<group>"; };
		FF04F1B324DE83EA00BF6C58 /* Info.plist */ = {isa = PBXFileReference; lastKnownFileType = text.plist.xml; path = Info.plist; sourceTree = "<group>"; };
		FF04F1B924DE857C00BF6C58 /* UIWindow.swift */ = {isa = PBXFileReference; lastKnownFileType = sourcecode.swift; path = UIWindow.swift; sourceTree = "<group>"; };
		FF04F1BD24DE89A200BF6C58 /* TableViewController.swift */ = {isa = PBXFileReference; lastKnownFileType = sourcecode.swift; path = TableViewController.swift; sourceTree = "<group>"; };
		FF04F1C524DE922000BF6C58 /* UIView.swift */ = {isa = PBXFileReference; lastKnownFileType = sourcecode.swift; path = UIView.swift; sourceTree = "<group>"; };
		FFB13D0C26AB3125001A000D /* ParallaxTableHeaderView.swift */ = {isa = PBXFileReference; lastKnownFileType = sourcecode.swift; path = ParallaxTableHeaderView.swift; sourceTree = "<group>"; };
/* End PBXFileReference section */

/* Begin PBXFrameworksBuildPhase section */
		FF04F19F24DE83E700BF6C58 /* Frameworks */ = {
			isa = PBXFrameworksBuildPhase;
			buildActionMask = 2147483647;
			files = (
			);
			runOnlyForDeploymentPostprocessing = 0;
		};
/* End PBXFrameworksBuildPhase section */

/* Begin PBXGroup section */
		FF04F19924DE83E700BF6C58 = {
			isa = PBXGroup;
			children = (
				FF04F1A424DE83E700BF6C58 /* ParallaxTableView */,
				FF04F1A324DE83E700BF6C58 /* Products */,
			);
			sourceTree = "<group>";
		};
		FF04F1A324DE83E700BF6C58 /* Products */ = {
			isa = PBXGroup;
			children = (
				FF04F1A224DE83E700BF6C58 /* ParallaxTableView.app */,
			);
			name = Products;
			sourceTree = "<group>";
		};
		FF04F1A424DE83E700BF6C58 /* ParallaxTableView */ = {
			isa = PBXGroup;
			children = (
				FF04F1CA24DF3AB300BF6C58 /* TableViewController */,
				FF04F1C924DF3A4200BF6C58 /* Extensions */,
				FF04F1A524DE83E700BF6C58 /* AppDelegate.swift */,
				FF04F1AE24DE83EA00BF6C58 /* Assets.xcassets */,
				FF04F1B024DE83EA00BF6C58 /* LaunchScreen.storyboard */,
				FF04F1B324DE83EA00BF6C58 /* Info.plist */,
			);
			path = ParallaxTableView;
			sourceTree = "<group>";
		};
		FF04F1C924DF3A4200BF6C58 /* Extensions */ = {
			isa = PBXGroup;
			children = (
				FF04F1B924DE857C00BF6C58 /* UIWindow.swift */,
				FF04F1C524DE922000BF6C58 /* UIView.swift */,
			);
			path = Extensions;
			sourceTree = "<group>";
		};
		FF04F1CA24DF3AB300BF6C58 /* TableViewController */ = {
			isa = PBXGroup;
			children = (
				FFB13D0C26AB3125001A000D /* ParallaxTableHeaderView.swift */,
				FF04F1BD24DE89A200BF6C58 /* TableViewController.swift */,
			);
			path = TableViewController;
			sourceTree = "<group>";
		};
/* End PBXGroup section */

/* Begin PBXNativeTarget section */
		FF04F1A124DE83E700BF6C58 /* ParallaxTableView */ = {
			isa = PBXNativeTarget;
			buildConfigurationList = FF04F1B624DE83EA00BF6C58 /* Build configuration list for PBXNativeTarget "ParallaxTableView" */;
			buildPhases = (
				FF04F19E24DE83E700BF6C58 /* Sources */,
				FF04F19F24DE83E700BF6C58 /* Frameworks */,
				FF04F1A024DE83E700BF6C58 /* Resources */,
			);
			buildRules = (
			);
			dependencies = (
			);
			name = ParallaxTableView;
			productName = ParallaxTableView;
			productReference = FF04F1A224DE83E700BF6C58 /* ParallaxTableView.app */;
			productType = "com.apple.product-type.application";
		};
/* End PBXNativeTarget section */

/* Begin PBXProject section */
		FF04F19A24DE83E700BF6C58 /* Project object */ = {
			isa = PBXProject;
			attributes = {
				LastSwiftUpdateCheck = 1160;
				LastUpgradeCheck = 1160;
				ORGANIZATIONNAME = "Александр Алгашев";
				TargetAttributes = {
					FF04F1A124DE83E700BF6C58 = {
						CreatedOnToolsVersion = 11.6;
					};
				};
			};
			buildConfigurationList = FF04F19D24DE83E700BF6C58 /* Build configuration list for PBXProject "ParallaxTableView" */;
			compatibilityVersion = "Xcode 9.3";
			developmentRegion = en;
			hasScannedForEncodings = 0;
			knownRegions = (
				en,
				Base,
			);
			mainGroup = FF04F19924DE83E700BF6C58;
			productRefGroup = FF04F1A324DE83E700BF6C58 /* Products */;
			projectDirPath = "";
			projectRoot = "";
			targets = (
				FF04F1A124DE83E700BF6C58 /* ParallaxTableView */,
			);
		};
/* End PBXProject section */

/* Begin PBXResourcesBuildPhase section */
		FF04F1A024DE83E700BF6C58 /* Resources */ = {
			isa = PBXResourcesBuildPhase;
			buildActionMask = 2147483647;
			files = (
				FF04F1B224DE83EA00BF6C58 /* LaunchScreen.storyboard in Resources */,
				FF04F1AF24DE83EA00BF6C58 /* Assets.xcassets in Resources */,
			);
			runOnlyForDeploymentPostprocessing = 0;
		};
/* End PBXResourcesBuildPhase section */

/* Begin PBXSourcesBuildPhase section */
		FF04F19E24DE83E700BF6C58 /* Sources */ = {
			isa = PBXSourcesBuildPhase;
			buildActionMask = 2147483647;
			files = (
				FF04F1C624DE922000BF6C58 /* UIView.swift in Sources */,
				FF04F1BA24DE857C00BF6C58 /* UIWindow.swift in Sources */,
				FF04F1BF24DE89A200BF6C58 /* TableViewController.swift in Sources */,
				FF04F1A624DE83E700BF6C58 /* AppDelegate.swift in Sources */,
				FFB13D0D26AB3125001A000D /* ParallaxTableHeaderView.swift in Sources */,
			);
			runOnlyForDeploymentPostprocessing = 0;
		};
/* End PBXSourcesBuildPhase section */

/* Begin PBXVariantGroup section */
		FF04F1B024DE83EA00BF6C58 /* LaunchScreen.storyboard */ = {
			isa = PBXVariantGroup;
			children = (
				FF04F1B124DE83EA00BF6C58 /* Base */,
			);
			name = LaunchScreen.storyboard;
			sourceTree = "<group>";
		};
/* End PBXVariantGroup section */

/* Begin XCBuildConfiguration section */
		FF04F1B424DE83EA00BF6C58 /* Debug */ = {
			isa = XCBuildConfiguration;
			buildSettings = {
				ALWAYS_SEARCH_USER_PATHS = NO;
				CLANG_ANALYZER_NONNULL = YES;
				CLANG_ANALYZER_NUMBER_OBJECT_CONVERSION = YES_AGGRESSIVE;
				CLANG_CXX_LANGUAGE_STANDARD = "gnu++14";
				CLANG_CXX_LIBRARY = "libc++";
				CLANG_ENABLE_MODULES = YES;
				CLANG_ENABLE_OBJC_ARC = YES;
				CLANG_ENABLE_OBJC_WEAK = YES;
				CLANG_WARN_BLOCK_CAPTURE_AUTORELEASING = YES;
				CLANG_WARN_BOOL_CONVERSION = YES;
				CLANG_WARN_COMMA = YES;
				CLANG_WARN_CONSTANT_CONVERSION = YES;
				CLANG_WARN_DEPRECATED_OBJC_IMPLEMENTATIONS = YES;
				CLANG_WARN_DIRECT_OBJC_ISA_USAGE = YES_ERROR;
				CLANG_WARN_DOCUMENTATION_COMMENTS = YES;
				CLANG_WARN_EMPTY_BODY = YES;
				CLANG_WARN_ENUM_CONVERSION = YES;
				CLANG_WARN_INFINITE_RECURSION = YES;
				CLANG_WARN_INT_CONVERSION = YES;
				CLANG_WARN_NON_LITERAL_NULL_CONVERSION = YES;
				CLANG_WARN_OBJC_IMPLICIT_RETAIN_SELF = YES;
				CLANG_WARN_OBJC_LITERAL_CONVERSION = YES;
				CLANG_WARN_OBJC_ROOT_CLASS = YES_ERROR;
				CLANG_WARN_RANGE_LOOP_ANALYSIS = YES;
				CLANG_WARN_STRICT_PROTOTYPES = YES;
				CLANG_WARN_SUSPICIOUS_MOVE = YES;
				CLANG_WARN_UNGUARDED_AVAILABILITY = YES_AGGRESSIVE;
				CLANG_WARN_UNREACHABLE_CODE = YES;
				CLANG_WARN__DUPLICATE_METHOD_MATCH = YES;
				COPY_PHASE_STRIP = NO;
				DEBUG_INFORMATION_FORMAT = dwarf;
				ENABLE_STRICT_OBJC_MSGSEND = YES;
				ENABLE_TESTABILITY = YES;
				GCC_C_LANGUAGE_STANDARD = gnu11;
				GCC_DYNAMIC_NO_PIC = NO;
				GCC_NO_COMMON_BLOCKS = YES;
				GCC_OPTIMIZATION_LEVEL = 0;
				GCC_PREPROCESSOR_DEFINITIONS = (
					"DEBUG=1",
					"$(inherited)",
				);
				GCC_WARN_64_TO_32_BIT_CONVERSION = YES;
				GCC_WARN_ABOUT_RETURN_TYPE = YES_ERROR;
				GCC_WARN_UNDECLARED_SELECTOR = YES;
				GCC_WARN_UNINITIALIZED_AUTOS = YES_AGGRESSIVE;
				GCC_WARN_UNUSED_FUNCTION = YES;
				GCC_WARN_UNUSED_VARIABLE = YES;
				IPHONEOS_DEPLOYMENT_TARGET = 13.6;
				MTL_ENABLE_DEBUG_INFO = INCLUDE_SOURCE;
				MTL_FAST_MATH = YES;
				ONLY_ACTIVE_ARCH = YES;
				SDKROOT = iphoneos;
				SWIFT_ACTIVE_COMPILATION_CONDITIONS = DEBUG;
				SWIFT_OPTIMIZATION_LEVEL = "-Onone";
			};
			name = Debug;
		};
		FF04F1B524DE83EA00BF6C58 /* Release */ = {
			isa = XCBuildConfiguration;
			buildSettings = {
				ALWAYS_SEARCH_USER_PATHS = NO;
				CLANG_ANALYZER_NONNULL = YES;
				CLANG_ANALYZER_NUMBER_OBJECT_CONVERSION = YES_AGGRESSIVE;
				CLANG_CXX_LANGUAGE_STANDARD = "gnu++14";
				CLANG_CXX_LIBRARY = "libc++";
				CLANG_ENABLE_MODULES = YES;
				CLANG_ENABLE_OBJC_ARC = YES;
				CLANG_ENABLE_OBJC_WEAK = YES;
				CLANG_WARN_BLOCK_CAPTURE_AUTORELEASING = YES;
				CLANG_WARN_BOOL_CONVERSION = YES;
				CLANG_WARN_COMMA = YES;
				CLANG_WARN_CONSTANT_CONVERSION = YES;
				CLANG_WARN_DEPRECATED_OBJC_IMPLEMENTATIONS = YES;
				CLANG_WARN_DIRECT_OBJC_ISA_USAGE = YES_ERROR;
				CLANG_WARN_DOCUMENTATION_COMMENTS = YES;
				CLANG_WARN_EMPTY_BODY = YES;
				CLANG_WARN_ENUM_CONVERSION = YES;
				CLANG_WARN_INFINITE_RECURSION = YES;
				CLANG_WARN_INT_CONVERSION = YES;
				CLANG_WARN_NON_LITERAL_NULL_CONVERSION = YES;
				CLANG_WARN_OBJC_IMPLICIT_RETAIN_SELF = YES;
				CLANG_WARN_OBJC_LITERAL_CONVERSION = YES;
				CLANG_WARN_OBJC_ROOT_CLASS = YES_ERROR;
				CLANG_WARN_RANGE_LOOP_ANALYSIS = YES;
				CLANG_WARN_STRICT_PROTOTYPES = YES;
				CLANG_WARN_SUSPICIOUS_MOVE = YES;
				CLANG_WARN_UNGUARDED_AVAILABILITY = YES_AGGRESSIVE;
				CLANG_WARN_UNREACHABLE_CODE = YES;
				CLANG_WARN__DUPLICATE_METHOD_MATCH = YES;
				COPY_PHASE_STRIP = NO;
				DEBUG_INFORMATION_FORMAT = "dwarf-with-dsym";
				ENABLE_NS_ASSERTIONS = NO;
				ENABLE_STRICT_OBJC_MSGSEND = YES;
				GCC_C_LANGUAGE_STANDARD = gnu11;
				GCC_NO_COMMON_BLOCKS = YES;
				GCC_WARN_64_TO_32_BIT_CONVERSION = YES;
				GCC_WARN_ABOUT_RETURN_TYPE = YES_ERROR;
				GCC_WARN_UNDECLARED_SELECTOR = YES;
				GCC_WARN_UNINITIALIZED_AUTOS = YES_AGGRESSIVE;
				GCC_WARN_UNUSED_FUNCTION = YES;
				GCC_WARN_UNUSED_VARIABLE = YES;
				IPHONEOS_DEPLOYMENT_TARGET = 13.6;
				MTL_ENABLE_DEBUG_INFO = NO;
				MTL_FAST_MATH = YES;
				SDKROOT = iphoneos;
				SWIFT_COMPILATION_MODE = wholemodule;
				SWIFT_OPTIMIZATION_LEVEL = "-O";
				VALIDATE_PRODUCT = YES;
			};
			name = Release;
		};
		FF04F1B724DE83EA00BF6C58 /* Debug */ = {
			isa = XCBuildConfiguration;
			buildSettings = {
				ASSETCATALOG_COMPILER_APPICON_NAME = AppIcon;
				CODE_SIGN_STYLE = Automatic;
				DEVELOPMENT_TEAM = SQ2J8S5B39;
				INFOPLIST_FILE = ParallaxTableView/Info.plist;
				IPHONEOS_DEPLOYMENT_TARGET = 9.0;
				LD_RUNPATH_SEARCH_PATHS = (
					"$(inherited)",
					"@executable_path/Frameworks",
				);
				PRODUCT_BUNDLE_IDENTIFIER = algashev.ParallaxTableView;
				PRODUCT_NAME = "$(TARGET_NAME)";
				SWIFT_VERSION = 5.0;
				TARGETED_DEVICE_FAMILY = "1,2";
			};
			name = Debug;
		};
		FF04F1B824DE83EA00BF6C58 /* Release */ = {
			isa = XCBuildConfiguration;
			buildSettings = {
				ASSETCATALOG_COMPILER_APPICON_NAME = AppIcon;
				CODE_SIGN_STYLE = Automatic;
				DEVELOPMENT_TEAM = SQ2J8S5B39;
				INFOPLIST_FILE = ParallaxTableView/Info.plist;
				IPHONEOS_DEPLOYMENT_TARGET = 9.0;
				LD_RUNPATH_SEARCH_PATHS = (
					"$(inherited)",
					"@executable_path/Frameworks",
				);
				PRODUCT_BUNDLE_IDENTIFIER = algashev.ParallaxTableView;
				PRODUCT_NAME = "$(TARGET_NAME)";
				SWIFT_VERSION = 5.0;
				TARGETED_DEVICE_FAMILY = "1,2";
			};
			name = Release;
		};
/* End XCBuildConfiguration section */

/* Begin XCConfigurationList section */
		FF04F19D24DE83E700BF6C58 /* Build configuration list for PBXProject "ParallaxTableView" */ = {
			isa = XCConfigurationList;
			buildConfigurations = (
				FF04F1B424DE83EA00BF6C58 /* Debug */,
				FF04F1B524DE83EA00BF6C58 /* Release */,
			);
			defaultConfigurationIsVisible = 0;
			defaultConfigurationName = Release;
		};
		FF04F1B624DE83EA00BF6C58 /* Build configuration list for PBXNativeTarget "ParallaxTableView" */ = {
			isa = XCConfigurationList;
			buildConfigurations = (
				FF04F1B724DE83EA00BF6C58 /* Debug */,
				FF04F1B824DE83EA00BF6C58 /* Release */,
			);
			defaultConfigurationIsVisible = 0;
			defaultConfigurationName = Release;
		};
/* End XCConfigurationList section */
	};
	rootObject = FF04F19A24DE83E700BF6C58 /* Project object */;
}
